github.com/opencoff/go-logger v0.7.3 h1:UQMhKfeICaBsuWzyV/S+PBTssX0XFB9cVuknksxyLCg=
github.com/opencoff/go-logger v0.7.3/go.mod h1:dhRnw/605cByI6vleNQFb81ADuw3DH390BtkHoGY/uo=
github.com/opencoff/go-mmap v0.1.5 h1:RKPtevC4mOW5bi9skBPPo4nFTIH4lVWAL20Tff+FjLg=
github.com/opencoff/go-mmap v0.1.5/go.mod h1:y/6Jk/tDUc00k3oSQpiJX++20Nw7xFSlc5kLkhGnRXw=
github.com/opencoff/go-testrunner v0.1.1 h1:E3FP0NN8d4H+Mq5cJ3B7UPn5uLqc69X0dhy+9XO9Nl0=
github.com/opencoff/go-testrunner v0.1.1/go.mod h1:O9GZCnQzrQ6BdGPBkzaVrpnZQwObThZBTotPqfiS3DA=
github.com/opencoff/go-utils v1.0.2 h1:BANRL8ZxgHpuo8gQBAzT3M9Im3aNFhaWW28jhc86LNs=
github.com/opencoff/go-utils v1.0.2/go.mod h1:eZkEVQVzNfuE8uGepyhscMsqcXq7liGbBHYYwgYaoy8=
github.com/opencoff/pflag v1.0.7 h1:o5cQIuX75bDcdJ6AXl68gzpA72a3CJ2MPStaMnEuwi4=
github.com/opencoff/pflag v1.0.7/go.mod h1:2bXtpAD/5h/2LarkbsRwiUxqnvB1nZBzn9Xjad1P41A=
github.com/opencoff/shlex v0.1.0 h1:CAIG+IDl4duGcxoxHt/SVxBCWKyn2F0xkp1YzDsntXI=
github.com/opencoff/shlex v0.1.0/go.mod h1:zR6dXSf5xfhUsDhBtqrYfnponURTxHegAXH1TsoQqFg=
github.com/pkg/xattr v0.4.10 h1:Qe0mtiNFHQZ296vRgUjRCoPHPqH7VdTOrZx3g0T+pGA=
github.com/pkg/xattr v0.4.10/go.mod h1:di8WF84zAKk8jzR1UBTEWh9AUlIZZ7M/JNt8e9B6ktU=
github.com/puzpuzpuz/xsync/v3 v3.5.0 h1:i+cMcpEDY1BkNm7lPDkCtE4oElsYLn+EKF8kAu2vXT4=
github.com/puzpuzpuz/xsync/v3 v3.5.0/go.mod h1:VjzYrABPabuM4KyBh1Ftq6u8nhwY5tBPKP9jpmh0nnA=
golang.org/x/crypto v0.31.0 h1:ihbySMvVjLAeSH1IbfcRTkD/iNscyz8rGzjF/E5hV6U=
golang.org/x/crypto v0.31.0/go.mod h1:kDsLvtWBEx7MV9tJOj9bnXsPbxwJQ6csT/x4KIN4Ssk=
golang.org/x/exp v0.0.0-20250106191152-7588d65b2ba8 h1:yqrTHse8TCMW1M1ZCP+VAR/l0kKxwaAIqN/il7x4voA=
golang.org/x/exp v0.0.0-20250106191152-7588d65b2ba8/go.mod h1:tujkw807nyEEAamNbDrEGzRav+ilXA7PCRAd6xsmwiU=
golang.org/x/sys v0.0.0-20220408201424-a24fb2fb8a0f/go.mod h1:oPkhp1MJrh7nUepCBck5+mAzfO9JrbApNNgaTdGDITg=
golang.org/x/sys v0.29.0 h1:TPYlXGxvx1MGTn2GiZDhnjPA9wZzZeGKHHmKhHYvgaU=
golang.org/x/sys v0.29.0/go.mod h1:/VUhepiaJMQUp4+oa/7Zr1D23ma6VTLIYjOOTFZPUcA=
golang.org/x/term v0.27.0 h1:WP60Sv1nlK1T6SupCHbXzSaN0b9wUmsPoRS9b61A23Q=
golang.org/x/term v0.27.0/go.mod h1:iMsnZpn0cago0GOrHO2+Y7u7JPn5AylBrcoWkElMTSM=
